
Microsoft Visual Studio Solution File, Format Version 12.00
# Visual Studio Version 16
VisualStudioVersion = 16.0.31515.178
MinimumVisualStudioVersion = 10.0.40219.1
Project("{FAE04EC0-301F-11D3-BF4B-00C04F79EFBC}") = "Supermarket.Api", "Supermarket.Api.csproj", "{DDFB3C4C-17B7-439E-A8BD-4CCA1725138C}"
EndProject
Project("{9A19103F-16F7-4668-BE54-9A1E7A4F7556}") = "Supermarket.Models", "..\Supermarket.Models\Supermarket.Models.csproj", "{10AF6CFF-4993-452A-A816-53C78AA93E07}"
EndProject
Project("{9A19103F-16F7-4668-BE54-9A1E7A4F7556}") = "Supermarket.Dal", "..\Supermarket.Dal\Supermarket.Dal.csproj", "{5789917B-50C5-461D-B425-A54DBE4E47E2}"
EndProject
Global
	GlobalSection(SolutionConfigurationPlatforms) = preSolution
		Debug|Any CPU = Debug|Any CPU
		Release|Any CPU = Release|Any CPU
	EndGlobalSection
	GlobalSection(ProjectConfigurationPlatforms) = postSolution
		{DDFB3C4C-17B7-439E-A8BD-4CCA1725138C}.Debug|Any CPU.ActiveCfg = Debug|Any CPU
		{DDFB3C4C-17B7-439E-A8BD-4CCA1725138C}.Debug|Any CPU.Build.0 = Debug|Any CPU
		{DDFB3C4C-17B7-439E-A8BD-4CCA1725138C}.Release|Any CPU.ActiveCfg = Release|Any CPU
		{DDFB3C4C-17B7-439E-A8BD-4CCA1725138C}.Release|Any CPU.Build.0 = Release|Any CPU
		{10AF6CFF-4993-452A-A816-53C78AA93E07}.Debug|Any CPU.ActiveCfg = Debug|Any CPU
		{10AF6CFF-4993-452A-A816-53C78AA93E07}.Debug|Any CPU.Build.0 = Debug|Any CPU
		{10AF6CFF-4993-452A-A816-53C78AA93E07}.Release|Any CPU.ActiveCfg = Release|Any CPU
		{10AF6CFF-4993-452A-A816-53C78AA93E07}.Release|Any CPU.Build.0 = Release|Any CPU
		{5789917B-50C5-461D-B425-A54DBE4E47E2}.Debug|Any CPU.ActiveCfg = Debug|Any CPU
		{5789917B-50C5-461D-B425-A54DBE4E47E2}.Debug|Any CPU.Build.0 = Debug|Any CPU
		{5789917B-50C5-461D-B425-A54DBE4E47E2}.Release|Any CPU.ActiveCfg = Release|Any CPU
		{5789917B-50C5-461D-B425-A54DBE4E47E2}.Release|Any CPU.Build.0 = Release|Any CPU
	EndGlobalSection
	GlobalSection(SolutionProperties) = preSolution
		HideSolutionNode = FALSE
	EndGlobalSection
	GlobalSection(ExtensibilityGlobals) = postSolution
		SolutionGuid = {19DE6813-A579-434C-91BD-77748F9B0901}
	EndGlobalSection
EndGlobal
